// !$*UTF8*$!
{
	archiveVersion = 1;
	classes = {
	};
	objectVersion = 46;
	objects = {

/* Begin PBXBuildFile section */
		644F55D41E34851300A47026 /* AppDelegate.swift in Sources */ = {isa = PBXBuildFile; fileRef = 644F55D31E34851300A47026 /* AppDelegate.swift */; };
		644F55D61E34851300A47026 /* ViewController.swift in Sources */ = {isa = PBXBuildFile; fileRef = 644F55D51E34851300A47026 /* ViewController.swift */; };
		644F55D91E34851300A47026 /* Main.storyboard in Resources */ = {isa = PBXBuildFile; fileRef = 644F55D71E34851300A47026 /* Main.storyboard */; };
		644F55DC1E34851300A47026 /* iOSHandsOn.xcdatamodeld in Sources */ = {isa = PBXBuildFile; fileRef = 644F55DA1E34851300A47026 /* iOSHandsOn.xcdatamodeld */; };
		644F55DE1E34851300A47026 /* Assets.xcassets in Resources */ = {isa = PBXBuildFile; fileRef = 644F55DD1E34851300A47026 /* Assets.xcassets */; };
		644F55EC1E34851300A47026 /* iOSHandsOnTests.swift in Sources */ = {isa = PBXBuildFile; fileRef = 644F55EB1E34851300A47026 /* iOSHandsOnTests.swift */; };
		644F55F71E34851300A47026 /* iOSHandsOnUITests.swift in Sources */ = {isa = PBXBuildFile; fileRef = 644F55F61E34851300A47026 /* iOSHandsOnUITests.swift */; };
/* End PBXBuildFile section */

/* Begin PBXContainerItemProxy section */
		644F55E81E34851300A47026 /* PBXContainerItemProxy */ = {
			isa = PBXContainerItemProxy;
			containerPortal = 644F55C81E34851300A47026 /* Project object */;
			proxyType = 1;
			remoteGlobalIDString = 644F55CF1E34851300A47026;
			remoteInfo = iOSHandsOn;
		};
		644F55F31E34851300A47026 /* PBXContainerItemProxy */ = {
			isa = PBXContainerItemProxy;
			containerPortal = 644F55C81E34851300A47026 /* Project object */;
			proxyType = 1;
			remoteGlobalIDString = 644F55CF1E34851300A47026;
			remoteInfo = iOSHandsOn;
		};
/* End PBXContainerItemProxy section */

/* Begin PBXFileReference section */
		644F55D01E34851300A47026 /* iOSHandsOn.app */ = {isa = PBXFileReference; explicitFileType = wrapper.application; includeInIndex = 0; path = iOSHandsOn.app; sourceTree = BUILT_PRODUCTS_DIR; };
		644F55D31E34851300A47026 /* AppDelegate.swift */ = {isa = PBXFileReference; lastKnownFileType = sourcecode.swift; path = AppDelegate.swift; sourceTree = "<group>"; };
		644F55D51E34851300A47026 /* ViewController.swift */ = {isa = PBXFileReference; lastKnownFileType = sourcecode.swift; path = ViewController.swift; sourceTree = "<group>"; };
		644F55D81E34851300A47026 /* Base */ = {isa = PBXFileReference; lastKnownFileType = file.storyboard; name = Base; path = Base.lproj/Main.storyboard; sourceTree = "<group>"; };
		644F55DB1E34851300A47026 /* iOSHandsOn.xcdatamodel */ = {isa = PBXFileReference; lastKnownFileType = wrapper.xcdatamodel; path = iOSHandsOn.xcdatamodel; sourceTree = "<group>"; };
		644F55DD1E34851300A47026 /* Assets.xcassets */ = {isa = PBXFileReference; lastKnownFileType = folder.assetcatalog; path = Assets.xcassets; sourceTree = "<group>"; };
		644F55E21E34851300A47026 /* Info.plist */ = {isa = PBXFileReference; lastKnownFileType = text.plist.xml; path = Info.plist; sourceTree = "<group>"; };
		644F55E71E34851300A47026 /* iOSHandsOnTests.xctest */ = {isa = PBXFileReference; explicitFileType = wrapper.cfbundle; includeInIndex = 0; path = iOSHandsOnTests.xctest; sourceTree = BUILT_PRODUCTS_DIR; };
		644F55EB1E34851300A47026 /* iOSHandsOnTests.swift */ = {isa = PBXFileReference; lastKnownFileType = sourcecode.swift; path = iOSHandsOnTests.swift; sourceTree = "<group>"; };
		644F55ED1E34851300A47026 /* Info.plist */ = {isa = PBXFileReference; lastKnownFileType = text.plist.xml; path = Info.plist; sourceTree = "<group>"; };
		644F55F21E34851300A47026 /* iOSHandsOnUITests.xctest */ = {isa = PBXFileReference; explicitFileType = wrapper.cfbundle; includeInIndex = 0; path = iOSHandsOnUITests.xctest; sourceTree = BUILT_PRODUCTS_DIR; };
		644F55F61E34851300A47026 /* iOSHandsOnUITests.swift */ = {isa = PBXFileReference; lastKnownFileType = sourcecode.swift; path = iOSHandsOnUITests.swift; sourceTree = "<group>"; };
		644F55F81E34851300A47026 /* Info.plist */ = {isa = PBXFileReference; lastKnownFileType = text.plist.xml; path = Info.plist; sourceTree = "<group>"; };
/* End PBXFileReference section */

/* Begin PBXFrameworksBuildPhase section */
		644F55CD1E34851300A47026 /* Frameworks */ = {
			isa = PBXFrameworksBuildPhase;
			buildActionMask = 2147483647;
			files = (
			);
			runOnlyForDeploymentPostprocessing = 0;
		};
		644F55E41E34851300A47026 /* Frameworks */ = {
			isa = PBXFrameworksBuildPhase;
			buildActionMask = 2147483647;
			files = (
			);
			runOnlyForDeploymentPostprocessing = 0;
		};
		644F55EF1E34851300A47026 /* Frameworks */ = {
			isa = PBXFrameworksBuildPhase;
			buildActionMask = 2147483647;
			files = (
			);
			runOnlyForDeploymentPostprocessing = 0;
		};
/* End PBXFrameworksBuildPhase section */

/* Begin PBXGroup section */
		644F55C71E34851300A47026 = {
			isa = PBXGroup;
			children = (
				644F55D21E34851300A47026 /* iOSHandsOn */,
				644F55EA1E34851300A47026 /* iOSHandsOnTests */,
				644F55F51E34851300A47026 /* iOSHandsOnUITests */,
				644F55D11E34851300A47026 /* Products */,
			);
			sourceTree = "<group>";
		};
		644F55D11E34851300A47026 /* Products */ = {
			isa = PBXGroup;
			children = (
				644F55D01E34851300A47026 /* iOSHandsOn.app */,
				644F55E71E34851300A47026 /* iOSHandsOnTests.xctest */,
				644F55F21E34851300A47026 /* iOSHandsOnUITests.xctest */,
			);
			name = Products;
			sourceTree = "<group>";
		};
		644F55D21E34851300A47026 /* iOSHandsOn */ = {
			isa = PBXGroup;
			children = (
				644F55D31E34851300A47026 /* AppDelegate.swift */,
				644F55D51E34851300A47026 /* ViewController.swift */,
				644F55D71E34851300A47026 /* Main.storyboard */,
				644F55DD1E34851300A47026 /* Assets.xcassets */,
				644F55E21E34851300A47026 /* Info.plist */,
				644F55DA1E34851300A47026 /* iOSHandsOn.xcdatamodeld */,
			);
			path = iOSHandsOn;
			sourceTree = "<group>";
		};
		644F55EA1E34851300A47026 /* iOSHandsOnTests */ = {
			isa = PBXGroup;
			children = (
				644F55EB1E34851300A47026 /* iOSHandsOnTests.swift */,
				644F55ED1E34851300A47026 /* Info.plist */,
			);
			path = iOSHandsOnTests;
			sourceTree = "<group>";
		};
		644F55F51E34851300A47026 /* iOSHandsOnUITests */ = {
			isa = PBXGroup;
			children = (
				644F55F61E34851300A47026 /* iOSHandsOnUITests.swift */,
				644F55F81E34851300A47026 /* Info.plist */,
			);
			path = iOSHandsOnUITests;
			sourceTree = "<group>";
		};
/* End PBXGroup section */

/* Begin PBXNativeTarget section */
		644F55CF1E34851300A47026 /* iOSHandsOn */ = {
			isa = PBXNativeTarget;
			buildConfigurationList = 644F55FB1E34851300A47026 /* Build configuration list for PBXNativeTarget "iOSHandsOn" */;
			buildPhases = (
				644F55CC1E34851300A47026 /* Sources */,
				644F55CD1E34851300A47026 /* Frameworks */,
				644F55CE1E34851300A47026 /* Resources */,
			);
			buildRules = (
			);
			dependencies = (
			);
			name = iOSHandsOn;
			productName = iOSHandsOn;
			productReference = 644F55D01E34851300A47026 /* iOSHandsOn.app */;
			productType = "com.apple.product-type.application";
		};
		644F55E61E34851300A47026 /* iOSHandsOnTests */ = {
			isa = PBXNativeTarget;
			buildConfigurationList = 644F55FE1E34851300A47026 /* Build configuration list for PBXNativeTarget "iOSHandsOnTests" */;
			buildPhases = (
				644F55E31E34851300A47026 /* Sources */,
				644F55E41E34851300A47026 /* Frameworks */,
				644F55E51E34851300A47026 /* Resources */,
			);
			buildRules = (
			);
			dependencies = (
				644F55E91E34851300A47026 /* PBXTargetDependency */,
			);
			name = iOSHandsOnTests;
			productName = iOSHandsOnTests;
			productReference = 644F55E71E34851300A47026 /* iOSHandsOnTests.xctest */;
			productType = "com.apple.product-type.bundle.unit-test";
		};
		644F55F11E34851300A47026 /* iOSHandsOnUITests */ = {
			isa = PBXNativeTarget;
			buildConfigurationList = 644F56011E34851300A47026 /* Build configuration list for PBXNativeTarget "iOSHandsOnUITests" */;
			buildPhases = (
				644F55EE1E34851300A47026 /* Sources */,
				644F55EF1E34851300A47026 /* Frameworks */,
				644F55F01E34851300A47026 /* Resources */,
			);
			buildRules = (
			);
			dependencies = (
				644F55F41E34851300A47026 /* PBXTargetDependency */,
			);
			name = iOSHandsOnUITests;
			productName = iOSHandsOnUITests;
			productReference = 644F55F21E34851300A47026 /* iOSHandsOnUITests.xctest */;
			productType = "com.apple.product-type.bundle.ui-testing";
		};
/* End PBXNativeTarget section */

/* Begin PBXProject section */
		644F55C81E34851300A47026 /* Project object */ = {
			isa = PBXProject;
			attributes = {
				LastSwiftUpdateCheck = 0820;
				LastUpgradeCheck = 0820;
				ORGANIZATIONNAME = tomstyle;
				TargetAttributes = {
					644F55CF1E34851300A47026 = {
						CreatedOnToolsVersion = 8.2.1;
						DevelopmentTeam = 3W544XM3KK;
						ProvisioningStyle = Automatic;
					};
					644F55E61E34851300A47026 = {
						CreatedOnToolsVersion = 8.2.1;
						ProvisioningStyle = Automatic;
						TestTargetID = 644F55CF1E34851300A47026;
					};
					644F55F11E34851300A47026 = {
						CreatedOnToolsVersion = 8.2.1;
						ProvisioningStyle = Automatic;
						TestTargetID = 644F55CF1E34851300A47026;
					};
				};
			};
			buildConfigurationList = 644F55CB1E34851300A47026 /* Build configuration list for PBXProject "iOSHandsOn" */;
			compatibilityVersion = "Xcode 3.2";
			developmentRegion = English;
			hasScannedForEncodings = 0;
			knownRegions = (
				en,
				Base,
			);
			mainGroup = 644F55C71E34851300A47026;
			productRefGroup = 644F55D11E34851300A47026 /* Products */;
			projectDirPath = "";
			projectRoot = "";
			targets = (
				644F55CF1E34851300A47026 /* iOSHandsOn */,
				644F55E61E34851300A47026 /* iOSHandsOnTests */,
				644F55F11E34851300A47026 /* iOSHandsOnUITests */,
			);
		};
/* End PBXProject section */

/* Begin PBXResourcesBuildPhase section */
		644F55CE1E34851300A47026 /* Resources */ = {
			isa = PBXResourcesBuildPhase;
			buildActionMask = 2147483647;
			files = (
				644F55DE1E34851300A47026 /* Assets.xcassets in Resources */,
				644F55D91E34851300A47026 /* Main.storyboard in Resources */,
			);
			runOnlyForDeploymentPostprocessing = 0;
		};
		644F55E51E34851300A47026 /* Resources */ = {
			isa = PBXResourcesBuildPhase;
			buildActionMask = 2147483647;
			files = (
			);
			runOnlyForDeploymentPostprocessing = 0;
		};
		644F55F01E34851300A47026 /* Resources */ = {
			isa = PBXResourcesBuildPhase;
			buildActionMask = 2147483647;
			files = (
			);
			runOnlyForDeploymentPostprocessing = 0;
		};
/* End PBXResourcesBuildPhase section */

/* Begin PBXSourcesBuildPhase section */
		644F55CC1E34851300A47026 /* Sources */ = {
			isa = PBXSourcesBuildPhase;
			buildActionMask = 2147483647;
			files = (
				644F55DC1E34851300A47026 /* iOSHandsOn.xcdatamodeld in Sources */,
				644F55D61E34851300A47026 /* ViewController.swift in Sources */,
				644F55D41E34851300A47026 /* AppDelegate.swift in Sources */,
			);
			runOnlyForDeploymentPostprocessing = 0;
		};
		644F55E31E34851300A47026 /* Sources */ = {
			isa = PBXSourcesBuildPhase;
			buildActionMask = 2147483647;
			files = (
				644F55EC1E34851300A47026 /* iOSHandsOnTests.swift in Sources */,
			);
			runOnlyForDeploymentPostprocessing = 0;
		};
		644F55EE1E34851300A47026 /* Sources */ = {
			isa = PBXSourcesBuildPhase;
			buildActionMask = 2147483647;
			files = (
				644F55F71E34851300A47026 /* iOSHandsOnUITests.swift in Sources */,
			);
			runOnlyForDeploymentPostprocessing = 0;
		};
/* End PBXSourcesBuildPhase section */

/* Begin PBXTargetDependency section */
		644F55E91E34851300A47026 /* PBXTargetDependency */ = {
			isa = PBXTargetDependency;
			target = 644F55CF1E34851300A47026 /* iOSHandsOn */;
			targetProxy = 644F55E81E34851300A47026 /* PBXContainerItemProxy */;
		};
		644F55F41E34851300A47026 /* PBXTargetDependency */ = {
			isa = PBXTargetDependency;
			target = 644F55CF1E34851300A47026 /* iOSHandsOn */;
			targetProxy = 644F55F31E34851300A47026 /* PBXContainerItemProxy */;
		};
/* End PBXTargetDependency section */

/* Begin PBXVariantGroup section */
		644F55D71E34851300A47026 /* Main.storyboard */ = {
			isa = PBXVariantGroup;
			children = (
				644F55D81E34851300A47026 /* Base */,
			);
			name = Main.storyboard;
			sourceTree = "<group>";
		};
/* End PBXVariantGroup section */

/* Begin XCBuildConfiguration section */
		644F55F91E34851300A47026 /* Debug */ = {
			isa = XCBuildConfiguration;
			buildSettings = {
				ALWAYS_SEARCH_USER_PATHS = NO;
				CLANG_ANALYZER_NONNULL = YES;
				CLANG_CXX_LANGUAGE_STANDARD = "gnu++0x";
				CLANG_CXX_LIBRARY = "libc++";
				CLANG_ENABLE_MODULES = YES;
				CLANG_ENABLE_OBJC_ARC = YES;
				CLANG_WARN_BOOL_CONVERSION = YES;
				CLANG_WARN_CONSTANT_CONVERSION = YES;
				CLANG_WARN_DIRECT_OBJC_ISA_USAGE = YES_ERROR;
				CLANG_WARN_DOCUMENTATION_COMMENTS = YES;
				CLANG_WARN_EMPTY_BODY = YES;
				CLANG_WARN_ENUM_CONVERSION = YES;
				CLANG_WARN_INFINITE_RECURSION = YES;
				CLANG_WARN_INT_CONVERSION = YES;
				CLANG_WARN_OBJC_ROOT_CLASS = YES_ERROR;
				CLANG_WARN_SUSPICIOUS_MOVE = YES;
				CLANG_WARN_UNREACHABLE_CODE = YES;
				CLANG_WARN__DUPLICATE_METHOD_MATCH = YES;
				"CODE_SIGN_IDENTITY[sdk=iphoneos*]" = "iPhone Developer";
				COPY_PHASE_STRIP = NO;
				DEBUG_INFORMATION_FORMAT = dwarf;
				ENABLE_STRICT_OBJC_MSGSEND = YES;
				ENABLE_TESTABILITY = YES;
				GCC_C_LANGUAGE_STANDARD = gnu99;
				GCC_DYNAMIC_NO_PIC = NO;
				GCC_NO_COMMON_BLOCKS = YES;
				GCC_OPTIMIZATION_LEVEL = 0;
				GCC_PREPROCESSOR_DEFINITIONS = (
					"DEBUG=1",
					"$(inherited)",
				);
				GCC_WARN_64_TO_32_BIT_CONVERSION = YES;
				GCC_WARN_ABOUT_RETURN_TYPE = YES_ERROR;
				GCC_WARN_UNDECLARED_SELECTOR = YES;
				GCC_WARN_UNINITIALIZED_AUTOS = YES_AGGRESSIVE;
				GCC_WARN_UNUSED_FUNCTION = YES;
				GCC_WARN_UNUSED_VARIABLE = YES;
				IPHONEOS_DEPLOYMENT_TARGET = 10.2;
				MTL_ENABLE_DEBUG_INFO = YES;
				ONLY_ACTIVE_ARCH = YES;
				SDKROOT = iphoneos;
				SWIFT_ACTIVE_COMPILATION_CONDITIONS = DEBUG;
				SWIFT_OPTIMIZATION_LEVEL = "-Onone";
			};
			name = Debug;
		};
		644F55FA1E34851300A47026 /* Release */ = {
			isa = XCBuildConfiguration;
			buildSettings = {
				ALWAYS_SEARCH_USER_PATHS = NO;
				CLANG_ANALYZER_NONNULL = YES;
				CLANG_CXX_LANGUAGE_STANDARD = "gnu++0x";
				CLANG_CXX_LIBRARY = "libc++";
				CLANG_ENABLE_MODULES = YES;
				CLANG_ENABLE_OBJC_ARC = YES;
				CLANG_WARN_BOOL_CONVERSION = YES;
				CLANG_WARN_CONSTANT_CONVERSION = YES;
				CLANG_WARN_DIRECT_OBJC_ISA_USAGE = YES_ERROR;
				CLANG_WARN_DOCUMENTATION_COMMENTS = YES;
				CLANG_WARN_EMPTY_BODY = YES;
				CLANG_WARN_ENUM_CONVERSION = YES;
				CLANG_WARN_INFINITE_RECURSION = YES;
				CLANG_WARN_INT_CONVERSION = YES;
				CLANG_WARN_OBJC_ROOT_CLASS = YES_ERROR;
				CLANG_WARN_SUSPICIOUS_MOVE = YES;
				CLANG_WARN_UNREACHABLE_CODE = YES;
				CLANG_WARN__DUPLICATE_METHOD_MATCH = YES;
				"CODE_SIGN_IDENTITY[sdk=iphoneos*]" = "iPhone Developer";
				COPY_PHASE_STRIP = NO;
				DEBUG_INFORMATION_FORMAT = "dwarf-with-dsym";
				ENABLE_NS_ASSERTIONS = NO;
				ENABLE_STRICT_OBJC_MSGSEND = YES;
				GCC_C_LANGUAGE_STANDARD = gnu99;
				GCC_NO_COMMON_BLOCKS = YES;
				GCC_WARN_64_TO_32_BIT_CONVERSION = YES;
				GCC_WARN_ABOUT_RETURN_TYPE = YES_ERROR;
				GCC_WARN_UNDECLARED_SELECTOR = YES;
				GCC_WARN_UNINITIALIZED_AUTOS = YES_AGGRESSIVE;
				GCC_WARN_UNUSED_FUNCTION = YES;
				GCC_WARN_UNUSED_VARIABLE = YES;
				IPHONEOS_DEPLOYMENT_TARGET = 10.2;
				MTL_ENABLE_DEBUG_INFO = NO;
				SDKROOT = iphoneos;
				SWIFT_OPTIMIZATION_LEVEL = "-Owholemodule";
				VALIDATE_PRODUCT = YES;
			};
			name = Release;
		};
		644F55FC1E34851300A47026 /* Debug */ = {
			isa = XCBuildConfiguration;
			buildSettings = {
				ASSETCATALOG_COMPILER_APPICON_NAME = AppIcon;
				"CODE_SIGN_IDENTITY[sdk=iphoneos*]" = "iPhone Developer";
				DEVELOPMENT_TEAM = 3W544XM3KK;
				INFOPLIST_FILE = iOSHandsOn/Info.plist;
				LD_RUNPATH_SEARCH_PATHS = "$(inherited) @executable_path/Frameworks";
				PRODUCT_BUNDLE_IDENTIFIER = tomstyle.iOSHandsOn;
				PRODUCT_NAME = "$(TARGET_NAME)";
				SWIFT_VERSION = 3.0;
			};
			name = Debug;
		};
		644F55FD1E34851300A47026 /* Release */ = {
			isa = XCBuildConfiguration;
			buildSettings = {
				ASSETCATALOG_COMPILER_APPICON_NAME = AppIcon;
				"CODE_SIGN_IDENTITY[sdk=iphoneos*]" = "iPhone Developer";
				DEVELOPMENT_TEAM = 3W544XM3KK;
				INFOPLIST_FILE = iOSHandsOn/Info.plist;
				LD_RUNPATH_SEARCH_PATHS = "$(inherited) @executable_path/Frameworks";
				PRODUCT_BUNDLE_IDENTIFIER = tomstyle.iOSHandsOn;
				PRODUCT_NAME = "$(TARGET_NAME)";
				SWIFT_VERSION = 3.0;
			};
			name = Release;
		};
		644F55FF1E34851300A47026 /* Debug */ = {
			isa = XCBuildConfiguration;
			buildSettings = {
				ALWAYS_EMBED_SWIFT_STANDARD_LIBRARIES = YES;
				BUNDLE_LOADER = "$(TEST_HOST)";
				INFOPLIST_FILE = iOSHandsOnTests/Info.plist;
				LD_RUNPATH_SEARCH_PATHS = "$(inherited) @executable_path/Frameworks @loader_path/Frameworks";
				PRODUCT_BUNDLE_IDENTIFIER = tomstyle.iOSHandsOnTests;
				PRODUCT_NAME = "$(TARGET_NAME)";
				SWIFT_VERSION = 3.0;
				TEST_HOST = "$(BUILT_PRODUCTS_DIR)/iOSHandsOn.app/iOSHandsOn";
			};
			name = Debug;
		};
		644F56001E34851300A47026 /* Release */ = {
			isa = XCBuildConfiguration;
			buildSettings = {
				ALWAYS_EMBED_SWIFT_STANDARD_LIBRARIES = YES;
				BUNDLE_LOADER = "$(TEST_HOST)";
				INFOPLIST_FILE = iOSHandsOnTests/Info.plist;
				LD_RUNPATH_SEARCH_PATHS = "$(inherited) @executable_path/Frameworks @loader_path/Frameworks";
				PRODUCT_BUNDLE_IDENTIFIER = tomstyle.iOSHandsOnTests;
				PRODUCT_NAME = "$(TARGET_NAME)";
				SWIFT_VERSION = 3.0;
				TEST_HOST = "$(BUILT_PRODUCTS_DIR)/iOSHandsOn.app/iOSHandsOn";
			};
			name = Release;
		};
		644F56021E34851300A47026 /* Debug */ = {
			isa = XCBuildConfiguration;
			buildSettings = {
				ALWAYS_EMBED_SWIFT_STANDARD_LIBRARIES = YES;
				INFOPLIST_FILE = iOSHandsOnUITests/Info.plist;
				LD_RUNPATH_SEARCH_PATHS = "$(inherited) @executable_path/Frameworks @loader_path/Frameworks";
				PRODUCT_BUNDLE_IDENTIFIER = tomstyle.iOSHandsOnUITests;
				PRODUCT_NAME = "$(TARGET_NAME)";
				SWIFT_VERSION = 3.0;
				TEST_TARGET_NAME = iOSHandsOn;
			};
			name = Debug;
		};
		644F56031E34851300A47026 /* Release */ = {
			isa = XCBuildConfiguration;
			buildSettings = {
				ALWAYS_EMBED_SWIFT_STANDARD_LIBRARIES = YES;
				INFOPLIST_FILE = iOSHandsOnUITests/Info.plist;
				LD_RUNPATH_SEARCH_PATHS = "$(inherited) @executable_path/Frameworks @loader_path/Frameworks";
				PRODUCT_BUNDLE_IDENTIFIER = tomstyle.iOSHandsOnUITests;
				PRODUCT_NAME = "$(TARGET_NAME)";
				SWIFT_VERSION = 3.0;
				TEST_TARGET_NAME = iOSHandsOn;
			};
			name = Release;
		};
/* End XCBuildConfiguration section */

/* Begin XCConfigurationList section */
		644F55CB1E34851300A47026 /* Build configuration list for PBXProject "iOSHandsOn" */ = {
			isa = XCConfigurationList;
			buildConfigurations = (
				644F55F91E34851300A47026 /* Debug */,
				644F55FA1E34851300A47026 /* Release */,
			);
			defaultConfigurationIsVisible = 0;
			defaultConfigurationName = Release;
		};
		644F55FB1E34851300A47026 /* Build configuration list for PBXNativeTarget "iOSHandsOn" */ = {
			isa = XCConfigurationList;
			buildConfigurations = (
				644F55FC1E34851300A47026 /* Debug */,
				644F55FD1E34851300A47026 /* Release */,
			);
			defaultConfigurationIsVisible = 0;
			defaultConfigurationName = Release;
		};
		644F55FE1E34851300A47026 /* Build configuration list for PBXNativeTarget "iOSHandsOnTests" */ = {
			isa = XCConfigurationList;
			buildConfigurations = (
				644F55FF1E34851300A47026 /* Debug */,
				644F56001E34851300A47026 /* Release */,
			);
			defaultConfigurationIsVisible = 0;
			defaultConfigurationName = Release;
		};
		644F56011E34851300A47026 /* Build configuration list for PBXNativeTarget "iOSHandsOnUITests" */ = {
			isa = XCConfigurationList;
			buildConfigurations = (
				644F56021E34851300A47026 /* Debug */,
				644F56031E34851300A47026 /* Release */,
			);
			defaultConfigurationIsVisible = 0;
			defaultConfigurationName = Release;
		};
/* End XCConfigurationList section */

/* Begin XCVersionGroup section */
		644F55DA1E34851300A47026 /* iOSHandsOn.xcdatamodeld */ = {
			isa = XCVersionGroup;
			children = (
				644F55DB1E34851300A47026 /* iOSHandsOn.xcdatamodel */,
			);
			currentVersion = 644F55DB1E34851300A47026 /* iOSHandsOn.xcdatamodel */;
			path = iOSHandsOn.xcdatamodeld;
			sourceTree = "<group>";
			versionGroupType = wrapper.xcdatamodel;
		};
/* End XCVersionGroup section */
	};
	rootObject = 644F55C81E34851300A47026 /* Project object */;
}
